
Microsoft Visual Studio Solution File, Format Version 12.00
# Visual Studio Version 16
VisualStudioVersion = 16.0.31515.178
MinimumVisualStudioVersion = 10.0.40219.1
Project("{FAE04EC0-301F-11D3-BF4B-00C04F79EFBC}") = "ConsolaTest", "ConsolaTest\ConsolaTest.csproj", "{CDF7E6AA-ED59-48A7-8DC2-07184B224700}"
EndProject
Project("{FAE04EC0-301F-11D3-BF4B-00C04F79EFBC}") = "Entidades", "Entidades\Entidades.csproj", "{2D7B1CCE-ED3F-434C-9ACC-84270EA24866}"
EndProject
Project("{FAE04EC0-301F-11D3-BF4B-00C04F79EFBC}") = "Logica", "Logica\Logica.csproj", "{5A55C41E-F114-44D5-9318-F3BF7013B902}"
EndProject
Project("{FAE04EC0-301F-11D3-BF4B-00C04F79EFBC}") = "Datos", "Datos\Datos.csproj", "{05882D9D-5FC8-4AAC-831F-D259BA8B7A59}"
EndProject
Project("{FAE04EC0-301F-11D3-BF4B-00C04F79EFBC}") = "WebBiblioteca", "WebBiblioteca\WebBiblioteca.csproj", "{A74B17AA-085D-4B08-AF63-301E5E3B600F}"
EndProject
Global
	GlobalSection(SolutionConfigurationPlatforms) = preSolution
		Debug|Any CPU = Debug|Any CPU
		Release|Any CPU = Release|Any CPU
	EndGlobalSection
	GlobalSection(ProjectConfigurationPlatforms) = postSolution
		{CDF7E6AA-ED59-48A7-8DC2-07184B224700}.Debug|Any CPU.ActiveCfg = Debug|Any CPU
		{CDF7E6AA-ED59-48A7-8DC2-07184B224700}.Debug|Any CPU.Build.0 = Debug|Any CPU
		{CDF7E6AA-ED59-48A7-8DC2-07184B224700}.Release|Any CPU.ActiveCfg = Release|Any CPU
		{CDF7E6AA-ED59-48A7-8DC2-07184B224700}.Release|Any CPU.Build.0 = Release|Any CPU
		{2D7B1CCE-ED3F-434C-9ACC-84270EA24866}.Debug|Any CPU.ActiveCfg = Debug|Any CPU
		{2D7B1CCE-ED3F-434C-9ACC-84270EA24866}.Debug|Any CPU.Build.0 = Debug|Any CPU
		{2D7B1CCE-ED3F-434C-9ACC-84270EA24866}.Release|Any CPU.ActiveCfg = Release|Any CPU
		{2D7B1CCE-ED3F-434C-9ACC-84270EA24866}.Release|Any CPU.Build.0 = Release|Any CPU
		{5A55C41E-F114-44D5-9318-F3BF7013B902}.Debug|Any CPU.ActiveCfg = Debug|Any CPU
		{5A55C41E-F114-44D5-9318-F3BF7013B902}.Debug|Any CPU.Build.0 = Debug|Any CPU
		{5A55C41E-F114-44D5-9318-F3BF7013B902}.Release|Any CPU.ActiveCfg = Release|Any CPU
		{5A55C41E-F114-44D5-9318-F3BF7013B902}.Release|Any CPU.Build.0 = Release|Any CPU
		{05882D9D-5FC8-4AAC-831F-D259BA8B7A59}.Debug|Any CPU.ActiveCfg = Debug|Any CPU
		{05882D9D-5FC8-4AAC-831F-D259BA8B7A59}.Debug|Any CPU.Build.0 = Debug|Any CPU
		{05882D9D-5FC8-4AAC-831F-D259BA8B7A59}.Release|Any CPU.ActiveCfg = Release|Any CPU
		{05882D9D-5FC8-4AAC-831F-D259BA8B7A59}.Release|Any CPU.Build.0 = Release|Any CPU
		{A74B17AA-085D-4B08-AF63-301E5E3B600F}.Debug|Any CPU.ActiveCfg = Debug|Any CPU
		{A74B17AA-085D-4B08-AF63-301E5E3B600F}.Debug|Any CPU.Build.0 = Debug|Any CPU
		{A74B17AA-085D-4B08-AF63-301E5E3B600F}.Release|Any CPU.ActiveCfg = Release|Any CPU
		{A74B17AA-085D-4B08-AF63-301E5E3B600F}.Release|Any CPU.Build.0 = Release|Any CPU
	EndGlobalSection
	GlobalSection(SolutionProperties) = preSolution
		HideSolutionNode = FALSE
	EndGlobalSection
	GlobalSection(ExtensibilityGlobals) = postSolution
		SolutionGuid = {2DB762E1-D6B1-40AC-9156-137E6F927858}
	EndGlobalSection
EndGlobal
